<?xml version="1.0" encoding="utf-8"?>
<Project ToolsVersion="4.0" xmlns="http://schemas.microsoft.com/developer/msbuild/2003">
  <ItemGroup>
    <Filter Include="src">
      <UniqueIdentifier>{8e0b7873-0fa7-49bf-b127-745249453c7f}</UniqueIdentifier>
    </Filter>
    <Filter Include="inc">
      <UniqueIdentifier>{53c54212-f4c6-4dfc-b495-e95e4fb1a546}</UniqueIdentifier>
    </Filter>
  </ItemGroup>
  <ItemGroup>
    <ClCompile Include="src\AMCLibrary.cpp">
      <Filter>src</Filter>
    </ClCompile>
  </ItemGroup>
  <ItemGroup>
    <ResourceCompile Include="src\AMCLibrary.rc">
      <Filter>src</Filter>
    </ResourceCompile>
  </ItemGroup>
  <ItemGroup>
    <ClInclude Include="src\platform.h">
      <Filter>src</Filter>
    </ClInclude>
    <ClInclude Include="inc\AES_Key.h">
      <Filter>inc</Filter>
    </ClInclude>
    <ClInclude Include="inc\AMCLibrary.h">
      <Filter>inc</Filter>
    </ClInclude>
    <ClInclude Include="inc\IAlgorithmAES.h">
      <Filter>inc</Filter>
    </ClInclude>
  </ItemGroup>
</Project>